
Microsoft Visual Studio Solution File, Format Version 12.00
# Visual Studio Version 16
VisualStudioVersion = 16.0.30011.22
MinimumVisualStudioVersion = 10.0.40219.1
Project("{FAE04EC0-301F-11D3-BF4B-00C04F79EFBC}") = "KodlamaIO", "KodlamaIO\KodlamaIO.csproj", "{B268AFE4-DE3F-4BA7-8B7B-16C4933670AE}"
EndProject
Project("{FAE04EC0-301F-11D3-BF4B-00C04F79EFBC}") = "Products", "Products\Products.csproj", "{DB74C0E5-4264-4354-BB81-66CF352B728F}"
EndProject
Project("{FAE04EC0-301F-11D3-BF4B-00C04F79EFBC}") = "ProductManage", "ProductManage\ProductManage.csproj", "{0904F70C-8512-4614-9B06-CF40F3AB5215}"
EndProject
Global
	GlobalSection(SolutionConfigurationPlatforms) = preSolution
		Debug|Any CPU = Debug|Any CPU
		Release|Any CPU = Release|Any CPU
	EndGlobalSection
	GlobalSection(ProjectConfigurationPlatforms) = postSolution
		{B268AFE4-DE3F-4BA7-8B7B-16C4933670AE}.Debug|Any CPU.ActiveCfg = Debug|Any CPU
		{B268AFE4-DE3F-4BA7-8B7B-16C4933670AE}.Debug|Any CPU.Build.0 = Debug|Any CPU
		{B268AFE4-DE3F-4BA7-8B7B-16C4933670AE}.Release|Any CPU.ActiveCfg = Release|Any CPU
		{B268AFE4-DE3F-4BA7-8B7B-16C4933670AE}.Release|Any CPU.Build.0 = Release|Any CPU
		{DB74C0E5-4264-4354-BB81-66CF352B728F}.Debug|Any CPU.ActiveCfg = Debug|Any CPU
		{DB74C0E5-4264-4354-BB81-66CF352B728F}.Debug|Any CPU.Build.0 = Debug|Any CPU
		{DB74C0E5-4264-4354-BB81-66CF352B728F}.Release|Any CPU.ActiveCfg = Release|Any CPU
		{DB74C0E5-4264-4354-BB81-66CF352B728F}.Release|Any CPU.Build.0 = Release|Any CPU
		{0904F70C-8512-4614-9B06-CF40F3AB5215}.Debug|Any CPU.ActiveCfg = Debug|Any CPU
		{0904F70C-8512-4614-9B06-CF40F3AB5215}.Debug|Any CPU.Build.0 = Debug|Any CPU
		{0904F70C-8512-4614-9B06-CF40F3AB5215}.Release|Any CPU.ActiveCfg = Release|Any CPU
		{0904F70C-8512-4614-9B06-CF40F3AB5215}.Release|Any CPU.Build.0 = Release|Any CPU
	EndGlobalSection
	GlobalSection(SolutionProperties) = preSolution
		HideSolutionNode = FALSE
	EndGlobalSection
	GlobalSection(ExtensibilityGlobals) = postSolution
		SolutionGuid = {BDCBD730-8A93-4971-B10C-8C1A1B8E1F2E}
	EndGlobalSection
EndGlobal
